
Microsoft Visual Studio Solution File, Format Version 12.00
# Visual Studio Version 16
VisualStudioVersion = 16.0.30309.148
MinimumVisualStudioVersion = 10.0.40219.1
Project("{FAE04EC0-301F-11D3-BF4B-00C04F79EFBC}") = "Course2", "Course2\Course2.csproj", "{93874511-9AB4-40F2-98E8-D607B87EB9F8}"
EndProject
Global
	GlobalSection(SolutionConfigurationPlatforms) = preSolution
		Debug|Any CPU = Debug|Any CPU
		Release|Any CPU = Release|Any CPU
	EndGlobalSection
	GlobalSection(ProjectConfigurationPlatforms) = postSolution
		{93874511-9AB4-40F2-98E8-D607B87EB9F8}.Debug|Any CPU.ActiveCfg = Debug|Any CPU
		{93874511-9AB4-40F2-98E8-D607B87EB9F8}.Debug|Any CPU.Build.0 = Debug|Any CPU
		{93874511-9AB4-40F2-98E8-D607B87EB9F8}.Release|Any CPU.ActiveCfg = Release|Any CPU
		{93874511-9AB4-40F2-98E8-D607B87EB9F8}.Release|Any CPU.Build.0 = Release|Any CPU
	EndGlobalSection
	GlobalSection(SolutionProperties) = preSolution
		HideSolutionNode = FALSE
	EndGlobalSection
	GlobalSection(ExtensibilityGlobals) = postSolution
		SolutionGuid = {562B648C-005A-4A7D-AA32-212A6B6AF34B}
	EndGlobalSection
EndGlobal
